
Microsoft Visual Studio Solution File, Format Version 12.00
# Visual Studio Version 17
VisualStudioVersion = 17.7.34202.233
MinimumVisualStudioVersion = 10.0.40219.1
Project("{FAE04EC0-301F-11D3-BF4B-00C04F79EFBC}") = "MyEncryptFunctions", "MyEncryptFunctions\MyEncryptFunctions.csproj", "{4C203350-2A8E-4317-94B5-8A75ECD3A62D}"
EndProject
Global
	GlobalSection(SolutionConfigurationPlatforms) = preSolution
		Debug|Any CPU = Debug|Any CPU
		Release|Any CPU = Release|Any CPU
	EndGlobalSection
	GlobalSection(ProjectConfigurationPlatforms) = postSolution
		{4C203350-2A8E-4317-94B5-8A75ECD3A62D}.Debug|Any CPU.ActiveCfg = Debug|Any CPU
		{4C203350-2A8E-4317-94B5-8A75ECD3A62D}.Debug|Any CPU.Build.0 = Debug|Any CPU
		{4C203350-2A8E-4317-94B5-8A75ECD3A62D}.Release|Any CPU.ActiveCfg = Release|Any CPU
		{4C203350-2A8E-4317-94B5-8A75ECD3A62D}.Release|Any CPU.Build.0 = Release|Any CPU
	EndGlobalSection
	GlobalSection(SolutionProperties) = preSolution
		HideSolutionNode = FALSE
	EndGlobalSection
	GlobalSection(ExtensibilityGlobals) = postSolution
		SolutionGuid = {A3568C1E-21DB-4F69-A36D-4BE8591BCD9B}
	EndGlobalSection
EndGlobal
